
Microsoft Visual Studio Solution File, Format Version 12.00
# Visual Studio Version 16
VisualStudioVersion = 16.0.29411.108
MinimumVisualStudioVersion = 10.0.40219.1
Project("{9A19103F-16F7-4668-BE54-9A1E7A4F7556}") = "PlanificatorCMD", "PlanificatorCMD\PlanificatorCMD.csproj", "{7430C9A0-1441-4DDB-A016-5558BAD4CD46}"
EndProject
Project("{9A19103F-16F7-4668-BE54-9A1E7A4F7556}") = "PlanificatorCMD.Tests", "PlanificatorCMD.Tests\PlanificatorCMD.Tests.csproj", "{14608AEE-F7C8-41FA-A39D-9A7305FF3E63}"
EndProject
Project("{FAE04EC0-301F-11D3-BF4B-00C04F79EFBC}") = "Application", "Application\Application.csproj", "{E6BF96AC-2204-434E-9C1E-215290721ABE}"
EndProject
Global
	GlobalSection(SolutionConfigurationPlatforms) = preSolution
		Debug|Any CPU = Debug|Any CPU
		Release|Any CPU = Release|Any CPU
	EndGlobalSection
	GlobalSection(ProjectConfigurationPlatforms) = postSolution
		{7430C9A0-1441-4DDB-A016-5558BAD4CD46}.Debug|Any CPU.ActiveCfg = Debug|Any CPU
		{7430C9A0-1441-4DDB-A016-5558BAD4CD46}.Debug|Any CPU.Build.0 = Debug|Any CPU
		{7430C9A0-1441-4DDB-A016-5558BAD4CD46}.Release|Any CPU.ActiveCfg = Release|Any CPU
		{7430C9A0-1441-4DDB-A016-5558BAD4CD46}.Release|Any CPU.Build.0 = Release|Any CPU
		{14608AEE-F7C8-41FA-A39D-9A7305FF3E63}.Debug|Any CPU.ActiveCfg = Debug|Any CPU
		{14608AEE-F7C8-41FA-A39D-9A7305FF3E63}.Debug|Any CPU.Build.0 = Debug|Any CPU
		{14608AEE-F7C8-41FA-A39D-9A7305FF3E63}.Release|Any CPU.ActiveCfg = Release|Any CPU
		{14608AEE-F7C8-41FA-A39D-9A7305FF3E63}.Release|Any CPU.Build.0 = Release|Any CPU
		{E6BF96AC-2204-434E-9C1E-215290721ABE}.Debug|Any CPU.ActiveCfg = Debug|Any CPU
		{E6BF96AC-2204-434E-9C1E-215290721ABE}.Debug|Any CPU.Build.0 = Debug|Any CPU
		{E6BF96AC-2204-434E-9C1E-215290721ABE}.Release|Any CPU.ActiveCfg = Release|Any CPU
		{E6BF96AC-2204-434E-9C1E-215290721ABE}.Release|Any CPU.Build.0 = Release|Any CPU
	EndGlobalSection
	GlobalSection(SolutionProperties) = preSolution
		HideSolutionNode = FALSE
	EndGlobalSection
	GlobalSection(ExtensibilityGlobals) = postSolution
		SolutionGuid = {F16A69BE-67B2-48AD-B181-21AB17DCD9B1}
	EndGlobalSection
EndGlobal
